
Microsoft Visual Studio Solution File, Format Version 12.00
# Visual Studio Version 17
VisualStudioVersion = 17.5.33530.505
MinimumVisualStudioVersion = 10.0.40219.1
Project("{FAE04EC0-301F-11D3-BF4B-00C04F79EFBC}") = "TareasMVC", "TareasMVC\TareasMVC.csproj", "{660132F9-64CE-4F3A-BD46-A477F9291F7B}"
EndProject
Global
	GlobalSection(SolutionConfigurationPlatforms) = preSolution
		Debug|Any CPU = Debug|Any CPU
		Release|Any CPU = Release|Any CPU
	EndGlobalSection
	GlobalSection(ProjectConfigurationPlatforms) = postSolution
		{660132F9-64CE-4F3A-BD46-A477F9291F7B}.Debug|Any CPU.ActiveCfg = Debug|Any CPU
		{660132F9-64CE-4F3A-BD46-A477F9291F7B}.Debug|Any CPU.Build.0 = Debug|Any CPU
		{660132F9-64CE-4F3A-BD46-A477F9291F7B}.Release|Any CPU.ActiveCfg = Release|Any CPU
		{660132F9-64CE-4F3A-BD46-A477F9291F7B}.Release|Any CPU.Build.0 = Release|Any CPU
	EndGlobalSection
	GlobalSection(SolutionProperties) = preSolution
		HideSolutionNode = FALSE
	EndGlobalSection
	GlobalSection(ExtensibilityGlobals) = postSolution
		SolutionGuid = {C07D4125-1513-47C0-AB5C-FA3F0D4F4FDC}
	EndGlobalSection
EndGlobal
